{
  "version": 4,
  "terraform_version": "0.14.4",
  "serial": 2,
  "lineage": "e7cd1246-044e-aab8-21e4-bc7f07c881ea",
  "outputs": {},
  "resources": [
    {
      "mode": "managed",
      "type": "ansible-tower_inventory",
      "name": "inventory",
      "provider": "provider[\"registry.terraform.io/kaginari/ansible-tower\"]",
      "instances": [
        {
          "schema_version": 0,
          "attributes": {
            "description": "test dsd",
            "host_filter": "",
            "id": "13",
            "kind": "",
            "name": "test inventory",
            "organisation_id": "5",
            "variable": []
          },
          "sensitive_attributes": [],
          "private": "eyJzY2hlbWFfdmVyc2lvbiI6IjAifQ=="
        }
      ]
    },
    {
      "mode": "managed",
      "type": "ansible-tower_organisation",
      "name": "organisation",
      "provider": "provider[\"registry.terraform.io/kaginari/ansible-tower\"]",
      "instances": [
        {
          "schema_version": 0,
          "attributes": {
            "custom_virtualenv": "",
            "description": "desc",
            "id": "5",
            "max_hosts": 0,
            "name": "test organisation"
          },
          "sensitive_attributes": [],
          "private": "eyJzY2hlbWFfdmVyc2lvbiI6IjAifQ=="
        }
      ]
    }
  ]
}
